{
  "name": "dhcpserver",
  "version": "1.0.0",
  "lockfileVersion": 1,
  "requires": true,
  "dependencies": {
    "dhcp": {
      "version": "0.2.16",
      "resolved": "https://registry.npmjs.org/dhcp/-/dhcp-0.2.16.tgz",
      "integrity": "sha512-OEqRYUN/9WskTRRvOJyP3mTPa0HQecfUk+c9YgH1MUkGSDdArnIvoJcUvALBlgrezZvqyO2weQwFSBfORAU8Pw==",
      "requires": {
        "minimist": "1.2.0"
      }
    },
    "minimist": {
      "version": "1.2.0",
      "resolved": "http://registry.npmjs.org/minimist/-/minimist-1.2.0.tgz",
      "integrity": "sha1-o1AIsg9BOD7sH7kU9M1d95omQoQ="
    }
  }
}
